
Microsoft Visual Studio Solution File, Format Version 12.00
# Visual Studio Version 16
VisualStudioVersion = 16.0.29306.81
MinimumVisualStudioVersion = 15.0.26124.0
Project("{9A19103F-16F7-4668-BE54-9A1E7A4F7556}") = "Signing.System.Tcc.Domain", "Signing.System.Tcc.Domain\Signing.System.Tcc.Domain.csproj", "{3554C521-3C0D-475E-8066-3A794DF3A400}"
EndProject
Project("{9A19103F-16F7-4668-BE54-9A1E7A4F7556}") = "Signing.System.Tcc.Identity", "Signing.System.Tcc.Identity\Signing.System.Tcc.Identity.csproj", "{C1350A7F-9343-461A-ACBA-3A24473B3369}"
EndProject
Project("{9A19103F-16F7-4668-BE54-9A1E7A4F7556}") = "Signing.System.Tcc.Data", "Signing.System.Tcc.Data\Signing.System.Tcc.Data.csproj", "{F0900295-2F84-430F-A94D-3DD8193F112D}"
EndProject
Project("{9A19103F-16F7-4668-BE54-9A1E7A4F7556}") = "Signing.System.Tcc.MVC", "Signing.System.Tcc.MVC\Signing.System.Tcc.MVC.csproj", "{C6BA8BAF-F380-459E-8F94-E12973783ED7}"
EndProject
Global
	GlobalSection(SolutionConfigurationPlatforms) = preSolution
		Debug|Any CPU = Debug|Any CPU
		Debug|x64 = Debug|x64
		Debug|x86 = Debug|x86
		Release|Any CPU = Release|Any CPU
		Release|x64 = Release|x64
		Release|x86 = Release|x86
	EndGlobalSection
	GlobalSection(ProjectConfigurationPlatforms) = postSolution
		{3554C521-3C0D-475E-8066-3A794DF3A400}.Debug|Any CPU.ActiveCfg = Debug|Any CPU
		{3554C521-3C0D-475E-8066-3A794DF3A400}.Debug|Any CPU.Build.0 = Debug|Any CPU
		{3554C521-3C0D-475E-8066-3A794DF3A400}.Debug|x64.ActiveCfg = Debug|Any CPU
		{3554C521-3C0D-475E-8066-3A794DF3A400}.Debug|x64.Build.0 = Debug|Any CPU
		{3554C521-3C0D-475E-8066-3A794DF3A400}.Debug|x86.ActiveCfg = Debug|Any CPU
		{3554C521-3C0D-475E-8066-3A794DF3A400}.Debug|x86.Build.0 = Debug|Any CPU
		{3554C521-3C0D-475E-8066-3A794DF3A400}.Release|Any CPU.ActiveCfg = Release|Any CPU
		{3554C521-3C0D-475E-8066-3A794DF3A400}.Release|Any CPU.Build.0 = Release|Any CPU
		{3554C521-3C0D-475E-8066-3A794DF3A400}.Release|x64.ActiveCfg = Release|Any CPU
		{3554C521-3C0D-475E-8066-3A794DF3A400}.Release|x64.Build.0 = Release|Any CPU
		{3554C521-3C0D-475E-8066-3A794DF3A400}.Release|x86.ActiveCfg = Release|Any CPU
		{3554C521-3C0D-475E-8066-3A794DF3A400}.Release|x86.Build.0 = Release|Any CPU
		{C1350A7F-9343-461A-ACBA-3A24473B3369}.Debug|Any CPU.ActiveCfg = Debug|Any CPU
		{C1350A7F-9343-461A-ACBA-3A24473B3369}.Debug|Any CPU.Build.0 = Debug|Any CPU
		{C1350A7F-9343-461A-ACBA-3A24473B3369}.Debug|x64.ActiveCfg = Debug|Any CPU
		{C1350A7F-9343-461A-ACBA-3A24473B3369}.Debug|x64.Build.0 = Debug|Any CPU
		{C1350A7F-9343-461A-ACBA-3A24473B3369}.Debug|x86.ActiveCfg = Debug|Any CPU
		{C1350A7F-9343-461A-ACBA-3A24473B3369}.Debug|x86.Build.0 = Debug|Any CPU
		{C1350A7F-9343-461A-ACBA-3A24473B3369}.Release|Any CPU.ActiveCfg = Release|Any CPU
		{C1350A7F-9343-461A-ACBA-3A24473B3369}.Release|Any CPU.Build.0 = Release|Any CPU
		{C1350A7F-9343-461A-ACBA-3A24473B3369}.Release|x64.ActiveCfg = Release|Any CPU
		{C1350A7F-9343-461A-ACBA-3A24473B3369}.Release|x64.Build.0 = Release|Any CPU
		{C1350A7F-9343-461A-ACBA-3A24473B3369}.Release|x86.ActiveCfg = Release|Any CPU
		{C1350A7F-9343-461A-ACBA-3A24473B3369}.Release|x86.Build.0 = Release|Any CPU
		{F0900295-2F84-430F-A94D-3DD8193F112D}.Debug|Any CPU.ActiveCfg = Debug|Any CPU
		{F0900295-2F84-430F-A94D-3DD8193F112D}.Debug|Any CPU.Build.0 = Debug|Any CPU
		{F0900295-2F84-430F-A94D-3DD8193F112D}.Debug|x64.ActiveCfg = Debug|Any CPU
		{F0900295-2F84-430F-A94D-3DD8193F112D}.Debug|x64.Build.0 = Debug|Any CPU
		{F0900295-2F84-430F-A94D-3DD8193F112D}.Debug|x86.ActiveCfg = Debug|Any CPU
		{F0900295-2F84-430F-A94D-3DD8193F112D}.Debug|x86.Build.0 = Debug|Any CPU
		{F0900295-2F84-430F-A94D-3DD8193F112D}.Release|Any CPU.ActiveCfg = Release|Any CPU
		{F0900295-2F84-430F-A94D-3DD8193F112D}.Release|Any CPU.Build.0 = Release|Any CPU
		{F0900295-2F84-430F-A94D-3DD8193F112D}.Release|x64.ActiveCfg = Release|Any CPU
		{F0900295-2F84-430F-A94D-3DD8193F112D}.Release|x64.Build.0 = Release|Any CPU
		{F0900295-2F84-430F-A94D-3DD8193F112D}.Release|x86.ActiveCfg = Release|Any CPU
		{F0900295-2F84-430F-A94D-3DD8193F112D}.Release|x86.Build.0 = Release|Any CPU
		{C6BA8BAF-F380-459E-8F94-E12973783ED7}.Debug|Any CPU.ActiveCfg = Debug|Any CPU
		{C6BA8BAF-F380-459E-8F94-E12973783ED7}.Debug|Any CPU.Build.0 = Debug|Any CPU
		{C6BA8BAF-F380-459E-8F94-E12973783ED7}.Debug|x64.ActiveCfg = Debug|Any CPU
		{C6BA8BAF-F380-459E-8F94-E12973783ED7}.Debug|x64.Build.0 = Debug|Any CPU
		{C6BA8BAF-F380-459E-8F94-E12973783ED7}.Debug|x86.ActiveCfg = Debug|Any CPU
		{C6BA8BAF-F380-459E-8F94-E12973783ED7}.Debug|x86.Build.0 = Debug|Any CPU
		{C6BA8BAF-F380-459E-8F94-E12973783ED7}.Release|Any CPU.ActiveCfg = Release|Any CPU
		{C6BA8BAF-F380-459E-8F94-E12973783ED7}.Release|Any CPU.Build.0 = Release|Any CPU
		{C6BA8BAF-F380-459E-8F94-E12973783ED7}.Release|x64.ActiveCfg = Release|Any CPU
		{C6BA8BAF-F380-459E-8F94-E12973783ED7}.Release|x64.Build.0 = Release|Any CPU
		{C6BA8BAF-F380-459E-8F94-E12973783ED7}.Release|x86.ActiveCfg = Release|Any CPU
		{C6BA8BAF-F380-459E-8F94-E12973783ED7}.Release|x86.Build.0 = Release|Any CPU
	EndGlobalSection
	GlobalSection(SolutionProperties) = preSolution
		HideSolutionNode = FALSE
	EndGlobalSection
	GlobalSection(ExtensibilityGlobals) = postSolution
		SolutionGuid = {D5D4B904-FBD5-438C-959A-F5ACD2E9D67B}
	EndGlobalSection
EndGlobal
