
Microsoft Visual Studio Solution File, Format Version 12.00
# Visual Studio 15
VisualStudioVersion = 15.0.26124.0
MinimumVisualStudioVersion = 15.0.26124.0
Project("{FAE04EC0-301F-11D3-BF4B-00C04F79EFBC}") = "Signing.System.Tcc.MVC", "Signing.System.Tcc.MVC\Signing.System.Tcc.MVC.csproj", "{C4730917-692D-42F8-9527-136AFC3A2EF1}"
EndProject
Project("{FAE04EC0-301F-11D3-BF4B-00C04F79EFBC}") = "Signing.System.Tcc.Domain", "Signing.System.Tcc.Domain\Signing.System.Tcc.Domain.csproj", "{3554C521-3C0D-475E-8066-3A794DF3A400}"
EndProject
Project("{FAE04EC0-301F-11D3-BF4B-00C04F79EFBC}") = "Signing.System.Tcc.Identity", "Signing.System.Tcc.Identity\Signing.System.Tcc.Identity.csproj", "{C1350A7F-9343-461A-ACBA-3A24473B3369}"
EndProject
Project("{FAE04EC0-301F-11D3-BF4B-00C04F79EFBC}") = "Signin.System.Tcc.Ethereum", "Signin.System.Tcc.Ethereum\Signin.System.Tcc.Ethereum.csproj", "{2544E502-CC38-4BCB-A886-BABA64B5A29D}"
EndProject
Global
	GlobalSection(SolutionConfigurationPlatforms) = preSolution
		Debug|Any CPU = Debug|Any CPU
		Debug|x64 = Debug|x64
		Debug|x86 = Debug|x86
		Release|Any CPU = Release|Any CPU
		Release|x64 = Release|x64
		Release|x86 = Release|x86
	EndGlobalSection
	GlobalSection(SolutionProperties) = preSolution
		HideSolutionNode = FALSE
	EndGlobalSection
	GlobalSection(ProjectConfigurationPlatforms) = postSolution
		{C4730917-692D-42F8-9527-136AFC3A2EF1}.Debug|Any CPU.ActiveCfg = Debug|Any CPU
		{C4730917-692D-42F8-9527-136AFC3A2EF1}.Debug|Any CPU.Build.0 = Debug|Any CPU
		{C4730917-692D-42F8-9527-136AFC3A2EF1}.Debug|x64.ActiveCfg = Debug|Any CPU
		{C4730917-692D-42F8-9527-136AFC3A2EF1}.Debug|x64.Build.0 = Debug|Any CPU
		{C4730917-692D-42F8-9527-136AFC3A2EF1}.Debug|x86.ActiveCfg = Debug|Any CPU
		{C4730917-692D-42F8-9527-136AFC3A2EF1}.Debug|x86.Build.0 = Debug|Any CPU
		{C4730917-692D-42F8-9527-136AFC3A2EF1}.Release|Any CPU.ActiveCfg = Release|Any CPU
		{C4730917-692D-42F8-9527-136AFC3A2EF1}.Release|Any CPU.Build.0 = Release|Any CPU
		{C4730917-692D-42F8-9527-136AFC3A2EF1}.Release|x64.ActiveCfg = Release|Any CPU
		{C4730917-692D-42F8-9527-136AFC3A2EF1}.Release|x64.Build.0 = Release|Any CPU
		{C4730917-692D-42F8-9527-136AFC3A2EF1}.Release|x86.ActiveCfg = Release|Any CPU
		{C4730917-692D-42F8-9527-136AFC3A2EF1}.Release|x86.Build.0 = Release|Any CPU
		{3554C521-3C0D-475E-8066-3A794DF3A400}.Debug|Any CPU.ActiveCfg = Debug|Any CPU
		{3554C521-3C0D-475E-8066-3A794DF3A400}.Debug|Any CPU.Build.0 = Debug|Any CPU
		{3554C521-3C0D-475E-8066-3A794DF3A400}.Debug|x64.ActiveCfg = Debug|Any CPU
		{3554C521-3C0D-475E-8066-3A794DF3A400}.Debug|x64.Build.0 = Debug|Any CPU
		{3554C521-3C0D-475E-8066-3A794DF3A400}.Debug|x86.ActiveCfg = Debug|Any CPU
		{3554C521-3C0D-475E-8066-3A794DF3A400}.Debug|x86.Build.0 = Debug|Any CPU
		{3554C521-3C0D-475E-8066-3A794DF3A400}.Release|Any CPU.ActiveCfg = Release|Any CPU
		{3554C521-3C0D-475E-8066-3A794DF3A400}.Release|Any CPU.Build.0 = Release|Any CPU
		{3554C521-3C0D-475E-8066-3A794DF3A400}.Release|x64.ActiveCfg = Release|Any CPU
		{3554C521-3C0D-475E-8066-3A794DF3A400}.Release|x64.Build.0 = Release|Any CPU
		{3554C521-3C0D-475E-8066-3A794DF3A400}.Release|x86.ActiveCfg = Release|Any CPU
		{3554C521-3C0D-475E-8066-3A794DF3A400}.Release|x86.Build.0 = Release|Any CPU
		{C1350A7F-9343-461A-ACBA-3A24473B3369}.Debug|Any CPU.ActiveCfg = Debug|Any CPU
		{C1350A7F-9343-461A-ACBA-3A24473B3369}.Debug|Any CPU.Build.0 = Debug|Any CPU
		{C1350A7F-9343-461A-ACBA-3A24473B3369}.Debug|x64.ActiveCfg = Debug|Any CPU
		{C1350A7F-9343-461A-ACBA-3A24473B3369}.Debug|x64.Build.0 = Debug|Any CPU
		{C1350A7F-9343-461A-ACBA-3A24473B3369}.Debug|x86.ActiveCfg = Debug|Any CPU
		{C1350A7F-9343-461A-ACBA-3A24473B3369}.Debug|x86.Build.0 = Debug|Any CPU
		{C1350A7F-9343-461A-ACBA-3A24473B3369}.Release|Any CPU.ActiveCfg = Release|Any CPU
		{C1350A7F-9343-461A-ACBA-3A24473B3369}.Release|Any CPU.Build.0 = Release|Any CPU
		{C1350A7F-9343-461A-ACBA-3A24473B3369}.Release|x64.ActiveCfg = Release|Any CPU
		{C1350A7F-9343-461A-ACBA-3A24473B3369}.Release|x64.Build.0 = Release|Any CPU
		{C1350A7F-9343-461A-ACBA-3A24473B3369}.Release|x86.ActiveCfg = Release|Any CPU
		{C1350A7F-9343-461A-ACBA-3A24473B3369}.Release|x86.Build.0 = Release|Any CPU
		{2544E502-CC38-4BCB-A886-BABA64B5A29D}.Debug|Any CPU.ActiveCfg = Debug|Any CPU
		{2544E502-CC38-4BCB-A886-BABA64B5A29D}.Debug|Any CPU.Build.0 = Debug|Any CPU
		{2544E502-CC38-4BCB-A886-BABA64B5A29D}.Debug|x64.ActiveCfg = Debug|Any CPU
		{2544E502-CC38-4BCB-A886-BABA64B5A29D}.Debug|x64.Build.0 = Debug|Any CPU
		{2544E502-CC38-4BCB-A886-BABA64B5A29D}.Debug|x86.ActiveCfg = Debug|Any CPU
		{2544E502-CC38-4BCB-A886-BABA64B5A29D}.Debug|x86.Build.0 = Debug|Any CPU
		{2544E502-CC38-4BCB-A886-BABA64B5A29D}.Release|Any CPU.ActiveCfg = Release|Any CPU
		{2544E502-CC38-4BCB-A886-BABA64B5A29D}.Release|Any CPU.Build.0 = Release|Any CPU
		{2544E502-CC38-4BCB-A886-BABA64B5A29D}.Release|x64.ActiveCfg = Release|Any CPU
		{2544E502-CC38-4BCB-A886-BABA64B5A29D}.Release|x64.Build.0 = Release|Any CPU
		{2544E502-CC38-4BCB-A886-BABA64B5A29D}.Release|x86.ActiveCfg = Release|Any CPU
		{2544E502-CC38-4BCB-A886-BABA64B5A29D}.Release|x86.Build.0 = Release|Any CPU
	EndGlobalSection
EndGlobal
